// !$*UTF8*$!
{
	archiveVersion = 1;
	classes = {
	};
	objectVersion = 56;
	objects = {

/* Begin PBXBuildFile section */
		9C2FD9392C3E715D00E95271 /* VoorrowsApp.swift in Sources */ = {isa = PBXBuildFile; fileRef = 9C2FD9382C3E715D00E95271 /* VoorrowsApp.swift */; };
		9C2FD93B2C3E715D00E95271 /* GameView.swift in Sources */ = {isa = PBXBuildFile; fileRef = 9C2FD93A2C3E715D00E95271 /* GameView.swift */; };
		9C2FD93D2C3E715D00E95271 /* GameResult.swift in Sources */ = {isa = PBXBuildFile; fileRef = 9C2FD93C2C3E715D00E95271 /* GameResult.swift */; };
		9C2FD93F2C3E715D00E95271 /* Assets.xcassets in Resources */ = {isa = PBXBuildFile; fileRef = 9C2FD93E2C3E715D00E95271 /* Assets.xcassets */; };
		9C2FD9422C3E715D00E95271 /* Preview Assets.xcassets in Resources */ = {isa = PBXBuildFile; fileRef = 9C2FD9412C3E715D00E95271 /* Preview Assets.xcassets */; };
		9C2FD94B2C3E738900E95271 /* AppModelContainer.swift in Sources */ = {isa = PBXBuildFile; fileRef = 9C2FD94A2C3E738900E95271 /* AppModelContainer.swift */; };
		9C2FD94E2C3E768100E95271 /* AppSchema.swift in Sources */ = {isa = PBXBuildFile; fileRef = 9C2FD94D2C3E768100E95271 /* AppSchema.swift */; };
		9C2FD9532C3E7BAB00E95271 /* GameArrowView.swift in Sources */ = {isa = PBXBuildFile; fileRef = 9C2FD9522C3E7BAB00E95271 /* GameArrowView.swift */; };
		9C2FD9572C3E7FD500E95271 /* GameArrowListView.swift in Sources */ = {isa = PBXBuildFile; fileRef = 9C2FD9562C3E7FD500E95271 /* GameArrowListView.swift */; };
		9C2FD9592C3E96CA00E95271 /* GameModel.swift in Sources */ = {isa = PBXBuildFile; fileRef = 9C2FD9582C3E96CA00E95271 /* GameModel.swift */; };
		9C2FD95B2C3E9EB400E95271 /* GameFactory.swift in Sources */ = {isa = PBXBuildFile; fileRef = 9C2FD95A2C3E9EB400E95271 /* GameFactory.swift */; };
		9C2FD95D2C3EAA1500E95271 /* GameHeaderView.swift in Sources */ = {isa = PBXBuildFile; fileRef = 9C2FD95C2C3EAA1500E95271 /* GameHeaderView.swift */; };
		9C2FD95F2C3EB5B600E95271 /* AppModel.swift in Sources */ = {isa = PBXBuildFile; fileRef = 9C2FD95E2C3EB5B600E95271 /* AppModel.swift */; };
		9C2FD9622C3EB68300E95271 /* GameEndedModel.swift in Sources */ = {isa = PBXBuildFile; fileRef = 9C2FD9612C3EB68300E95271 /* GameEndedModel.swift */; };
		9C2FD9642C3EB6D100E95271 /* GameEndedView.swift in Sources */ = {isa = PBXBuildFile; fileRef = 9C2FD9632C3EB6D100E95271 /* GameEndedView.swift */; };
		9C2FD9672C3EBECE00E95271 /* GameLauncherModel.swift in Sources */ = {isa = PBXBuildFile; fileRef = 9C2FD9662C3EBECE00E95271 /* GameLauncherModel.swift */; };
		9C2FD9692C3EBEF600E95271 /* GameLauncherView.swift in Sources */ = {isa = PBXBuildFile; fileRef = 9C2FD9682C3EBEF600E95271 /* GameLauncherView.swift */; };
		9C2FD96C2C3EDF2000E95271 /* DefaultButton.swift in Sources */ = {isa = PBXBuildFile; fileRef = 9C2FD96B2C3EDF2000E95271 /* DefaultButton.swift */; };
		9C2FD96E2C3EE0C400E95271 /* ScalingButton.swift in Sources */ = {isa = PBXBuildFile; fileRef = 9C2FD96D2C3EE0C400E95271 /* ScalingButton.swift */; };
		9C2FD9702C3EF0E900E95271 /* SystemImages.swift in Sources */ = {isa = PBXBuildFile; fileRef = 9C2FD96F2C3EF0E900E95271 /* SystemImages.swift */; };
		9C2FD9722C3F121F00E95271 /* FetchDescriptors.swift in Sources */ = {isa = PBXBuildFile; fileRef = 9C2FD9712C3F121F00E95271 /* FetchDescriptors.swift */; };
/* End PBXBuildFile section */

/* Begin PBXFileReference section */
		9C2FD9352C3E715D00E95271 /* Voorrows.app */ = {isa = PBXFileReference; explicitFileType = wrapper.application; includeInIndex = 0; path = Voorrows.app; sourceTree = BUILT_PRODUCTS_DIR; };
		9C2FD9382C3E715D00E95271 /* VoorrowsApp.swift */ = {isa = PBXFileReference; lastKnownFileType = sourcecode.swift; path = VoorrowsApp.swift; sourceTree = "<group>"; };
		9C2FD93A2C3E715D00E95271 /* GameView.swift */ = {isa = PBXFileReference; lastKnownFileType = sourcecode.swift; path = GameView.swift; sourceTree = "<group>"; };
		9C2FD93C2C3E715D00E95271 /* GameResult.swift */ = {isa = PBXFileReference; lastKnownFileType = sourcecode.swift; path = GameResult.swift; sourceTree = "<group>"; };
		9C2FD93E2C3E715D00E95271 /* Assets.xcassets */ = {isa = PBXFileReference; lastKnownFileType = folder.assetcatalog; path = Assets.xcassets; sourceTree = "<group>"; };
		9C2FD9412C3E715D00E95271 /* Preview Assets.xcassets */ = {isa = PBXFileReference; lastKnownFileType = folder.assetcatalog; path = "Preview Assets.xcassets"; sourceTree = "<group>"; };
		9C2FD94A2C3E738900E95271 /* AppModelContainer.swift */ = {isa = PBXFileReference; lastKnownFileType = sourcecode.swift; path = AppModelContainer.swift; sourceTree = "<group>"; };
		9C2FD94D2C3E768100E95271 /* AppSchema.swift */ = {isa = PBXFileReference; lastKnownFileType = sourcecode.swift; path = AppSchema.swift; sourceTree = "<group>"; };
		9C2FD9522C3E7BAB00E95271 /* GameArrowView.swift */ = {isa = PBXFileReference; lastKnownFileType = sourcecode.swift; path = GameArrowView.swift; sourceTree = "<group>"; };
		9C2FD9562C3E7FD500E95271 /* GameArrowListView.swift */ = {isa = PBXFileReference; lastKnownFileType = sourcecode.swift; path = GameArrowListView.swift; sourceTree = "<group>"; };
		9C2FD9582C3E96CA00E95271 /* GameModel.swift */ = {isa = PBXFileReference; lastKnownFileType = sourcecode.swift; path = GameModel.swift; sourceTree = "<group>"; };
		9C2FD95A2C3E9EB400E95271 /* GameFactory.swift */ = {isa = PBXFileReference; lastKnownFileType = sourcecode.swift; path = GameFactory.swift; sourceTree = "<group>"; };
		9C2FD95C2C3EAA1500E95271 /* GameHeaderView.swift */ = {isa = PBXFileReference; lastKnownFileType = sourcecode.swift; path = GameHeaderView.swift; sourceTree = "<group>"; };
		9C2FD95E2C3EB5B600E95271 /* AppModel.swift */ = {isa = PBXFileReference; lastKnownFileType = sourcecode.swift; path = AppModel.swift; sourceTree = "<group>"; };
		9C2FD9612C3EB68300E95271 /* GameEndedModel.swift */ = {isa = PBXFileReference; lastKnownFileType = sourcecode.swift; path = GameEndedModel.swift; sourceTree = "<group>"; };
		9C2FD9632C3EB6D100E95271 /* GameEndedView.swift */ = {isa = PBXFileReference; lastKnownFileType = sourcecode.swift; path = GameEndedView.swift; sourceTree = "<group>"; };
		9C2FD9662C3EBECE00E95271 /* GameLauncherModel.swift */ = {isa = PBXFileReference; lastKnownFileType = sourcecode.swift; path = GameLauncherModel.swift; sourceTree = "<group>"; };
		9C2FD9682C3EBEF600E95271 /* GameLauncherView.swift */ = {isa = PBXFileReference; lastKnownFileType = sourcecode.swift; path = GameLauncherView.swift; sourceTree = "<group>"; };
		9C2FD96B2C3EDF2000E95271 /* DefaultButton.swift */ = {isa = PBXFileReference; lastKnownFileType = sourcecode.swift; path = DefaultButton.swift; sourceTree = "<group>"; };
		9C2FD96D2C3EE0C400E95271 /* ScalingButton.swift */ = {isa = PBXFileReference; lastKnownFileType = sourcecode.swift; path = ScalingButton.swift; sourceTree = "<group>"; };
		9C2FD96F2C3EF0E900E95271 /* SystemImages.swift */ = {isa = PBXFileReference; lastKnownFileType = sourcecode.swift; path = SystemImages.swift; sourceTree = "<group>"; };
		9C2FD9712C3F121F00E95271 /* FetchDescriptors.swift */ = {isa = PBXFileReference; lastKnownFileType = sourcecode.swift; path = FetchDescriptors.swift; sourceTree = "<group>"; };
/* End PBXFileReference section */

/* Begin PBXFrameworksBuildPhase section */
		9C2FD9322C3E715D00E95271 /* Frameworks */ = {
			isa = PBXFrameworksBuildPhase;
			buildActionMask = 2147483647;
			files = (
			);
			runOnlyForDeploymentPostprocessing = 0;
		};
/* End PBXFrameworksBuildPhase section */

/* Begin PBXGroup section */
		9C2FD92C2C3E715D00E95271 = {
			isa = PBXGroup;
			children = (
				9C2FD9372C3E715D00E95271 /* Voorrows */,
				9C2FD9362C3E715D00E95271 /* Products */,
			);
			sourceTree = "<group>";
		};
		9C2FD9362C3E715D00E95271 /* Products */ = {
			isa = PBXGroup;
			children = (
				9C2FD9352C3E715D00E95271 /* Voorrows.app */,
			);
			name = Products;
			sourceTree = "<group>";
		};
		9C2FD9372C3E715D00E95271 /* Voorrows */ = {
			isa = PBXGroup;
			children = (
				9C2FD9482C3E735600E95271 /* App */,
				9C2FD94C2C3E758E00E95271 /* Features */,
				9C2FD96A2C3EDF0300E95271 /* Views */,
				9C2FD9492C3E735A00E95271 /* Storage */,
				9C2FD9502C3E77DD00E95271 /* Resources */,
			);
			path = Voorrows;
			sourceTree = "<group>";
		};
		9C2FD9402C3E715D00E95271 /* Preview Content */ = {
			isa = PBXGroup;
			children = (
				9C2FD9412C3E715D00E95271 /* Preview Assets.xcassets */,
			);
			path = "Preview Content";
			sourceTree = "<group>";
		};
		9C2FD9482C3E735600E95271 /* App */ = {
			isa = PBXGroup;
			children = (
				9C2FD95E2C3EB5B600E95271 /* AppModel.swift */,
				9C2FD9382C3E715D00E95271 /* VoorrowsApp.swift */,
			);
			path = App;
			sourceTree = "<group>";
		};
		9C2FD9492C3E735A00E95271 /* Storage */ = {
			isa = PBXGroup;
			children = (
				9C2FD94D2C3E768100E95271 /* AppSchema.swift */,
				9C2FD94A2C3E738900E95271 /* AppModelContainer.swift */,
				9C2FD93C2C3E715D00E95271 /* GameResult.swift */,
				9C2FD9712C3F121F00E95271 /* FetchDescriptors.swift */,
			);
			path = Storage;
			sourceTree = "<group>";
		};
		9C2FD94C2C3E758E00E95271 /* Features */ = {
			isa = PBXGroup;
			children = (
				9C2FD9652C3EBEC000E95271 /* GameLauncher */,
				9C2FD9512C3E7B7C00E95271 /* Game */,
				9C2FD9602C3EB67600E95271 /* GameStats */,
			);
			path = Features;
			sourceTree = "<group>";
		};
		9C2FD9502C3E77DD00E95271 /* Resources */ = {
			isa = PBXGroup;
			children = (
				9C2FD9402C3E715D00E95271 /* Preview Content */,
				9C2FD93E2C3E715D00E95271 /* Assets.xcassets */,
				9C2FD96F2C3EF0E900E95271 /* SystemImages.swift */,
			);
			path = Resources;
			sourceTree = "<group>";
		};
		9C2FD9512C3E7B7C00E95271 /* Game */ = {
			isa = PBXGroup;
			children = (
				9C2FD95A2C3E9EB400E95271 /* GameFactory.swift */,
				9C2FD9582C3E96CA00E95271 /* GameModel.swift */,
				9C2FD93A2C3E715D00E95271 /* GameView.swift */,
				9C2FD9562C3E7FD500E95271 /* GameArrowListView.swift */,
				9C2FD9522C3E7BAB00E95271 /* GameArrowView.swift */,
				9C2FD95C2C3EAA1500E95271 /* GameHeaderView.swift */,
			);
			path = Game;
			sourceTree = "<group>";
		};
		9C2FD9602C3EB67600E95271 /* GameStats */ = {
			isa = PBXGroup;
			children = (
				9C2FD9612C3EB68300E95271 /* GameEndedModel.swift */,
				9C2FD9632C3EB6D100E95271 /* GameEndedView.swift */,
			);
			path = GameStats;
			sourceTree = "<group>";
		};
		9C2FD9652C3EBEC000E95271 /* GameLauncher */ = {
			isa = PBXGroup;
			children = (
				9C2FD9662C3EBECE00E95271 /* GameLauncherModel.swift */,
				9C2FD9682C3EBEF600E95271 /* GameLauncherView.swift */,
			);
			path = GameLauncher;
			sourceTree = "<group>";
		};
		9C2FD96A2C3EDF0300E95271 /* Views */ = {
			isa = PBXGroup;
			children = (
				9C2FD96B2C3EDF2000E95271 /* DefaultButton.swift */,
				9C2FD96D2C3EE0C400E95271 /* ScalingButton.swift */,
			);
			path = Views;
			sourceTree = "<group>";
		};
/* End PBXGroup section */

/* Begin PBXNativeTarget section */
		9C2FD9342C3E715D00E95271 /* Voorrows */ = {
			isa = PBXNativeTarget;
			buildConfigurationList = 9C2FD9452C3E715D00E95271 /* Build configuration list for PBXNativeTarget "Voorrows" */;
			buildPhases = (
				9C2FD9312C3E715D00E95271 /* Sources */,
				9C2FD9322C3E715D00E95271 /* Frameworks */,
				9C2FD9332C3E715D00E95271 /* Resources */,
			);
			buildRules = (
			);
			dependencies = (
			);
			name = Voorrows;
			productName = Voorrows;
			productReference = 9C2FD9352C3E715D00E95271 /* Voorrows.app */;
			productType = "com.apple.product-type.application";
		};
/* End PBXNativeTarget section */

/* Begin PBXProject section */
		9C2FD92D2C3E715D00E95271 /* Project object */ = {
			isa = PBXProject;
			attributes = {
				BuildIndependentTargetsInParallel = 1;
				LastSwiftUpdateCheck = 1540;
				LastUpgradeCheck = 1540;
				TargetAttributes = {
					9C2FD9342C3E715D00E95271 = {
						CreatedOnToolsVersion = 15.4;
					};
				};
			};
			buildConfigurationList = 9C2FD9302C3E715D00E95271 /* Build configuration list for PBXProject "Voorrows" */;
			compatibilityVersion = "Xcode 14.0";
			developmentRegion = en;
			hasScannedForEncodings = 0;
			knownRegions = (
				en,
				Base,
			);
			mainGroup = 9C2FD92C2C3E715D00E95271;
			productRefGroup = 9C2FD9362C3E715D00E95271 /* Products */;
			projectDirPath = "";
			projectRoot = "";
			targets = (
				9C2FD9342C3E715D00E95271 /* Voorrows */,
			);
		};
/* End PBXProject section */

/* Begin PBXResourcesBuildPhase section */
		9C2FD9332C3E715D00E95271 /* Resources */ = {
			isa = PBXResourcesBuildPhase;
			buildActionMask = 2147483647;
			files = (
				9C2FD9422C3E715D00E95271 /* Preview Assets.xcassets in Resources */,
				9C2FD93F2C3E715D00E95271 /* Assets.xcassets in Resources */,
			);
			runOnlyForDeploymentPostprocessing = 0;
		};
/* End PBXResourcesBuildPhase section */

/* Begin PBXSourcesBuildPhase section */
		9C2FD9312C3E715D00E95271 /* Sources */ = {
			isa = PBXSourcesBuildPhase;
			buildActionMask = 2147483647;
			files = (
				9C2FD94E2C3E768100E95271 /* AppSchema.swift in Sources */,
				9C2FD93B2C3E715D00E95271 /* GameView.swift in Sources */,
				9C2FD9692C3EBEF600E95271 /* GameLauncherView.swift in Sources */,
				9C2FD95F2C3EB5B600E95271 /* AppModel.swift in Sources */,
				9C2FD9642C3EB6D100E95271 /* GameEndedView.swift in Sources */,
				9C2FD9532C3E7BAB00E95271 /* GameArrowView.swift in Sources */,
				9C2FD96E2C3EE0C400E95271 /* ScalingButton.swift in Sources */,
				9C2FD95D2C3EAA1500E95271 /* GameHeaderView.swift in Sources */,
				9C2FD95B2C3E9EB400E95271 /* GameFactory.swift in Sources */,
				9C2FD93D2C3E715D00E95271 /* GameResult.swift in Sources */,
				9C2FD9392C3E715D00E95271 /* VoorrowsApp.swift in Sources */,
				9C2FD9672C3EBECE00E95271 /* GameLauncherModel.swift in Sources */,
				9C2FD9702C3EF0E900E95271 /* SystemImages.swift in Sources */,
				9C2FD9722C3F121F00E95271 /* FetchDescriptors.swift in Sources */,
				9C2FD9592C3E96CA00E95271 /* GameModel.swift in Sources */,
				9C2FD9622C3EB68300E95271 /* GameEndedModel.swift in Sources */,
				9C2FD9572C3E7FD500E95271 /* GameArrowListView.swift in Sources */,
				9C2FD94B2C3E738900E95271 /* AppModelContainer.swift in Sources */,
				9C2FD96C2C3EDF2000E95271 /* DefaultButton.swift in Sources */,
			);
			runOnlyForDeploymentPostprocessing = 0;
		};
/* End PBXSourcesBuildPhase section */

/* Begin XCBuildConfiguration section */
		9C2FD9432C3E715D00E95271 /* Debug */ = {
			isa = XCBuildConfiguration;
			buildSettings = {
				ALWAYS_SEARCH_USER_PATHS = NO;
				ASSETCATALOG_COMPILER_GENERATE_SWIFT_ASSET_SYMBOL_EXTENSIONS = YES;
				CLANG_ANALYZER_NONNULL = YES;
				CLANG_ANALYZER_NUMBER_OBJECT_CONVERSION = YES_AGGRESSIVE;
				CLANG_CXX_LANGUAGE_STANDARD = "gnu++20";
				CLANG_ENABLE_MODULES = YES;
				CLANG_ENABLE_OBJC_ARC = YES;
				CLANG_ENABLE_OBJC_WEAK = YES;
				CLANG_WARN_BLOCK_CAPTURE_AUTORELEASING = YES;
				CLANG_WARN_BOOL_CONVERSION = YES;
				CLANG_WARN_COMMA = YES;
				CLANG_WARN_CONSTANT_CONVERSION = YES;
				CLANG_WARN_DEPRECATED_OBJC_IMPLEMENTATIONS = YES;
				CLANG_WARN_DIRECT_OBJC_ISA_USAGE = YES_ERROR;
				CLANG_WARN_DOCUMENTATION_COMMENTS = YES;
				CLANG_WARN_EMPTY_BODY = YES;
				CLANG_WARN_ENUM_CONVERSION = YES;
				CLANG_WARN_INFINITE_RECURSION = YES;
				CLANG_WARN_INT_CONVERSION = YES;
				CLANG_WARN_NON_LITERAL_NULL_CONVERSION = YES;
				CLANG_WARN_OBJC_IMPLICIT_RETAIN_SELF = YES;
				CLANG_WARN_OBJC_LITERAL_CONVERSION = YES;
				CLANG_WARN_OBJC_ROOT_CLASS = YES_ERROR;
				CLANG_WARN_QUOTED_INCLUDE_IN_FRAMEWORK_HEADER = YES;
				CLANG_WARN_RANGE_LOOP_ANALYSIS = YES;
				CLANG_WARN_STRICT_PROTOTYPES = YES;
				CLANG_WARN_SUSPICIOUS_MOVE = YES;
				CLANG_WARN_UNGUARDED_AVAILABILITY = YES_AGGRESSIVE;
				CLANG_WARN_UNREACHABLE_CODE = YES;
				CLANG_WARN__DUPLICATE_METHOD_MATCH = YES;
				COPY_PHASE_STRIP = NO;
				DEBUG_INFORMATION_FORMAT = dwarf;
				ENABLE_STRICT_OBJC_MSGSEND = YES;
				ENABLE_TESTABILITY = YES;
				ENABLE_USER_SCRIPT_SANDBOXING = YES;
				GCC_C_LANGUAGE_STANDARD = gnu17;
				GCC_DYNAMIC_NO_PIC = NO;
				GCC_NO_COMMON_BLOCKS = YES;
				GCC_OPTIMIZATION_LEVEL = 0;
				GCC_PREPROCESSOR_DEFINITIONS = (
					"DEBUG=1",
					"$(inherited)",
				);
				GCC_WARN_64_TO_32_BIT_CONVERSION = YES;
				GCC_WARN_ABOUT_RETURN_TYPE = YES_ERROR;
				GCC_WARN_UNDECLARED_SELECTOR = YES;
				GCC_WARN_UNINITIALIZED_AUTOS = YES_AGGRESSIVE;
				GCC_WARN_UNUSED_FUNCTION = YES;
				GCC_WARN_UNUSED_VARIABLE = YES;
				IPHONEOS_DEPLOYMENT_TARGET = 17.5;
				LOCALIZATION_PREFERS_STRING_CATALOGS = YES;
				MTL_ENABLE_DEBUG_INFO = INCLUDE_SOURCE;
				MTL_FAST_MATH = YES;
				ONLY_ACTIVE_ARCH = YES;
				SDKROOT = iphoneos;
				SWIFT_ACTIVE_COMPILATION_CONDITIONS = "DEBUG $(inherited)";
				SWIFT_OPTIMIZATION_LEVEL = "-Onone";
			};
			name = Debug;
		};
		9C2FD9442C3E715D00E95271 /* Release */ = {
			isa = XCBuildConfiguration;
			buildSettings = {
				ALWAYS_SEARCH_USER_PATHS = NO;
				ASSETCATALOG_COMPILER_GENERATE_SWIFT_ASSET_SYMBOL_EXTENSIONS = YES;
				CLANG_ANALYZER_NONNULL = YES;
				CLANG_ANALYZER_NUMBER_OBJECT_CONVERSION = YES_AGGRESSIVE;
				CLANG_CXX_LANGUAGE_STANDARD = "gnu++20";
				CLANG_ENABLE_MODULES = YES;
				CLANG_ENABLE_OBJC_ARC = YES;
				CLANG_ENABLE_OBJC_WEAK = YES;
				CLANG_WARN_BLOCK_CAPTURE_AUTORELEASING = YES;
				CLANG_WARN_BOOL_CONVERSION = YES;
				CLANG_WARN_COMMA = YES;
				CLANG_WARN_CONSTANT_CONVERSION = YES;
				CLANG_WARN_DEPRECATED_OBJC_IMPLEMENTATIONS = YES;
				CLANG_WARN_DIRECT_OBJC_ISA_USAGE = YES_ERROR;
				CLANG_WARN_DOCUMENTATION_COMMENTS = YES;
				CLANG_WARN_EMPTY_BODY = YES;
				CLANG_WARN_ENUM_CONVERSION = YES;
				CLANG_WARN_INFINITE_RECURSION = YES;
				CLANG_WARN_INT_CONVERSION = YES;
				CLANG_WARN_NON_LITERAL_NULL_CONVERSION = YES;
				CLANG_WARN_OBJC_IMPLICIT_RETAIN_SELF = YES;
				CLANG_WARN_OBJC_LITERAL_CONVERSION = YES;
				CLANG_WARN_OBJC_ROOT_CLASS = YES_ERROR;
				CLANG_WARN_QUOTED_INCLUDE_IN_FRAMEWORK_HEADER = YES;
				CLANG_WARN_RANGE_LOOP_ANALYSIS = YES;
				CLANG_WARN_STRICT_PROTOTYPES = YES;
				CLANG_WARN_SUSPICIOUS_MOVE = YES;
				CLANG_WARN_UNGUARDED_AVAILABILITY = YES_AGGRESSIVE;
				CLANG_WARN_UNREACHABLE_CODE = YES;
				CLANG_WARN__DUPLICATE_METHOD_MATCH = YES;
				COPY_PHASE_STRIP = NO;
				DEBUG_INFORMATION_FORMAT = "dwarf-with-dsym";
				ENABLE_NS_ASSERTIONS = NO;
				ENABLE_STRICT_OBJC_MSGSEND = YES;
				ENABLE_USER_SCRIPT_SANDBOXING = YES;
				GCC_C_LANGUAGE_STANDARD = gnu17;
				GCC_NO_COMMON_BLOCKS = YES;
				GCC_WARN_64_TO_32_BIT_CONVERSION = YES;
				GCC_WARN_ABOUT_RETURN_TYPE = YES_ERROR;
				GCC_WARN_UNDECLARED_SELECTOR = YES;
				GCC_WARN_UNINITIALIZED_AUTOS = YES_AGGRESSIVE;
				GCC_WARN_UNUSED_FUNCTION = YES;
				GCC_WARN_UNUSED_VARIABLE = YES;
				IPHONEOS_DEPLOYMENT_TARGET = 17.5;
				LOCALIZATION_PREFERS_STRING_CATALOGS = YES;
				MTL_ENABLE_DEBUG_INFO = NO;
				MTL_FAST_MATH = YES;
				SDKROOT = iphoneos;
				SWIFT_COMPILATION_MODE = wholemodule;
				VALIDATE_PRODUCT = YES;
			};
			name = Release;
		};
		9C2FD9462C3E715D00E95271 /* Debug */ = {
			isa = XCBuildConfiguration;
			buildSettings = {
				ASSETCATALOG_COMPILER_APPICON_NAME = AppIcon;
				ASSETCATALOG_COMPILER_GLOBAL_ACCENT_COLOR_NAME = AccentColor;
				CODE_SIGN_STYLE = Automatic;
				CURRENT_PROJECT_VERSION = 1;
				DEVELOPMENT_ASSET_PATHS = "\"Voorrows/Resources/Preview Content\"";
				DEVELOPMENT_TEAM = RZ967XT7M5;
				ENABLE_PREVIEWS = YES;
				GENERATE_INFOPLIST_FILE = YES;
				INFOPLIST_KEY_UIApplicationSceneManifest_Generation = YES;
				INFOPLIST_KEY_UIApplicationSupportsIndirectInputEvents = YES;
				INFOPLIST_KEY_UILaunchScreen_Generation = YES;
				INFOPLIST_KEY_UISupportedInterfaceOrientations_iPad = "UIInterfaceOrientationPortrait UIInterfaceOrientationPortraitUpsideDown UIInterfaceOrientationLandscapeLeft UIInterfaceOrientationLandscapeRight";
				INFOPLIST_KEY_UISupportedInterfaceOrientations_iPhone = "UIInterfaceOrientationPortrait UIInterfaceOrientationLandscapeLeft UIInterfaceOrientationLandscapeRight";
				LD_RUNPATH_SEARCH_PATHS = (
					"$(inherited)",
					"@executable_path/Frameworks",
				);
				MARKETING_VERSION = 1.0;
				PRODUCT_BUNDLE_IDENTIFIER = "com.maxime-dechalendar.Voorrows";
				PRODUCT_NAME = "$(TARGET_NAME)";
				SWIFT_EMIT_LOC_STRINGS = YES;
				SWIFT_VERSION = 5.0;
				TARGETED_DEVICE_FAMILY = "1,2";
			};
			name = Debug;
		};
		9C2FD9472C3E715D00E95271 /* Release */ = {
			isa = XCBuildConfiguration;
			buildSettings = {
				ASSETCATALOG_COMPILER_APPICON_NAME = AppIcon;
				ASSETCATALOG_COMPILER_GLOBAL_ACCENT_COLOR_NAME = AccentColor;
				CODE_SIGN_STYLE = Automatic;
				CURRENT_PROJECT_VERSION = 1;
				DEVELOPMENT_ASSET_PATHS = "\"Voorrows/Resources/Preview Content\"";
				DEVELOPMENT_TEAM = RZ967XT7M5;
				ENABLE_PREVIEWS = YES;
				GENERATE_INFOPLIST_FILE = YES;
				INFOPLIST_KEY_UIApplicationSceneManifest_Generation = YES;
				INFOPLIST_KEY_UIApplicationSupportsIndirectInputEvents = YES;
				INFOPLIST_KEY_UILaunchScreen_Generation = YES;
				INFOPLIST_KEY_UISupportedInterfaceOrientations_iPad = "UIInterfaceOrientationPortrait UIInterfaceOrientationPortraitUpsideDown UIInterfaceOrientationLandscapeLeft UIInterfaceOrientationLandscapeRight";
				INFOPLIST_KEY_UISupportedInterfaceOrientations_iPhone = "UIInterfaceOrientationPortrait UIInterfaceOrientationLandscapeLeft UIInterfaceOrientationLandscapeRight";
				LD_RUNPATH_SEARCH_PATHS = (
					"$(inherited)",
					"@executable_path/Frameworks",
				);
				MARKETING_VERSION = 1.0;
				PRODUCT_BUNDLE_IDENTIFIER = "com.maxime-dechalendar.Voorrows";
				PRODUCT_NAME = "$(TARGET_NAME)";
				SWIFT_EMIT_LOC_STRINGS = YES;
				SWIFT_VERSION = 5.0;
				TARGETED_DEVICE_FAMILY = "1,2";
			};
			name = Release;
		};
/* End XCBuildConfiguration section */

/* Begin XCConfigurationList section */
		9C2FD9302C3E715D00E95271 /* Build configuration list for PBXProject "Voorrows" */ = {
			isa = XCConfigurationList;
			buildConfigurations = (
				9C2FD9432C3E715D00E95271 /* Debug */,
				9C2FD9442C3E715D00E95271 /* Release */,
			);
			defaultConfigurationIsVisible = 0;
			defaultConfigurationName = Release;
		};
		9C2FD9452C3E715D00E95271 /* Build configuration list for PBXNativeTarget "Voorrows" */ = {
			isa = XCConfigurationList;
			buildConfigurations = (
				9C2FD9462C3E715D00E95271 /* Debug */,
				9C2FD9472C3E715D00E95271 /* Release */,
			);
			defaultConfigurationIsVisible = 0;
			defaultConfigurationName = Release;
		};
/* End XCConfigurationList section */
	};
	rootObject = 9C2FD92D2C3E715D00E95271 /* Project object */;
}
